
Microsoft Visual Studio Solution File, Format Version 12.00
# Visual Studio Version 17
VisualStudioVersion = 17.8.34330.188
MinimumVisualStudioVersion = 10.0.40219.1
Project("{8BC9CEB8-8B4A-11D0-8D11-00A0C91BC942}") = "WAV_AUDIO", "WAV_AUDIO\WAV_AUDIO.vcxproj", "{B33AC099-5AE1-4000-962E-37E096CBACCB}"
EndProject
Global
	GlobalSection(SolutionConfigurationPlatforms) = preSolution
		Debug|x64 = Debug|x64
		Debug|x86 = Debug|x86
		Release|x64 = Release|x64
		Release|x86 = Release|x86
	EndGlobalSection
	GlobalSection(ProjectConfigurationPlatforms) = postSolution
		{B33AC099-5AE1-4000-962E-37E096CBACCB}.Debug|x64.ActiveCfg = Debug|x64
		{B33AC099-5AE1-4000-962E-37E096CBACCB}.Debug|x64.Build.0 = Debug|x64
		{B33AC099-5AE1-4000-962E-37E096CBACCB}.Debug|x86.ActiveCfg = Debug|Win32
		{B33AC099-5AE1-4000-962E-37E096CBACCB}.Debug|x86.Build.0 = Debug|Win32
		{B33AC099-5AE1-4000-962E-37E096CBACCB}.Release|x64.ActiveCfg = Release|x64
		{B33AC099-5AE1-4000-962E-37E096CBACCB}.Release|x64.Build.0 = Release|x64
		{B33AC099-5AE1-4000-962E-37E096CBACCB}.Release|x86.ActiveCfg = Release|Win32
		{B33AC099-5AE1-4000-962E-37E096CBACCB}.Release|x86.Build.0 = Release|Win32
	EndGlobalSection
	GlobalSection(SolutionProperties) = preSolution
		HideSolutionNode = FALSE
	EndGlobalSection
	GlobalSection(ExtensibilityGlobals) = postSolution
		SolutionGuid = {37C19C35-C4AD-4AC6-8C5A-B26C73293FEA}
	EndGlobalSection
EndGlobal
